{
  "name": "applemc-bot",
  "version": "1.0.0",
  "lockfileVersion": 3,
  "requires": true,
  "packages": {
    "": {
      "name": "applemc-bot",
      "version": "1.0.0",
      "dependencies": {
        "mineflayer": "^4.20.0",
        "prismarine-recipe": "^1.4.0",
        "prismarine-item": "^1.15.0",
        "prismarine-block": "^1.17.0",
        "prismarine-entity": "^2.3.0",
        "vec3": "^0.1.8"
      }
    }
  }
}
